
Microsoft Visual Studio Solution File, Format Version 12.00
# Visual Studio 15
VisualStudioVersion = 15.0.28307.757
MinimumVisualStudioVersion = 10.0.40219.1
Project("{FAE04EC0-301F-11D3-BF4B-00C04F79EFBC}") = "WebStoryDoc", "WebStoryDoc\WebStoryDoc.csproj", "{58307F6F-06A6-47C7-BC70-1ABD739C3EA0}"
EndProject
Project("{FAE04EC0-301F-11D3-BF4B-00C04F79EFBC}") = "WebStoryDoc.Tests", "WebStoryDoc.Tests\WebStoryDoc.Tests.csproj", "{2819CCB7-CF50-47EB-9B27-CE1C0A9D0BF5}"
EndProject
Project("{FAE04EC0-301F-11D3-BF4B-00C04F79EFBC}") = "WebStoryDoc.Models", "WebStoryDoc.Models\WebStoryDoc.Models.csproj", "{0CB1DFAE-C869-4997-AC2A-4AF43BF33D42}"
EndProject
Global
	GlobalSection(SolutionConfigurationPlatforms) = preSolution
		Debug|Any CPU = Debug|Any CPU
		Release|Any CPU = Release|Any CPU
	EndGlobalSection
	GlobalSection(ProjectConfigurationPlatforms) = postSolution
		{58307F6F-06A6-47C7-BC70-1ABD739C3EA0}.Debug|Any CPU.ActiveCfg = Debug|Any CPU
		{58307F6F-06A6-47C7-BC70-1ABD739C3EA0}.Debug|Any CPU.Build.0 = Debug|Any CPU
		{58307F6F-06A6-47C7-BC70-1ABD739C3EA0}.Release|Any CPU.ActiveCfg = Release|Any CPU
		{58307F6F-06A6-47C7-BC70-1ABD739C3EA0}.Release|Any CPU.Build.0 = Release|Any CPU
		{2819CCB7-CF50-47EB-9B27-CE1C0A9D0BF5}.Debug|Any CPU.ActiveCfg = Debug|Any CPU
		{2819CCB7-CF50-47EB-9B27-CE1C0A9D0BF5}.Debug|Any CPU.Build.0 = Debug|Any CPU
		{2819CCB7-CF50-47EB-9B27-CE1C0A9D0BF5}.Release|Any CPU.ActiveCfg = Release|Any CPU
		{2819CCB7-CF50-47EB-9B27-CE1C0A9D0BF5}.Release|Any CPU.Build.0 = Release|Any CPU
		{0CB1DFAE-C869-4997-AC2A-4AF43BF33D42}.Debug|Any CPU.ActiveCfg = Debug|Any CPU
		{0CB1DFAE-C869-4997-AC2A-4AF43BF33D42}.Debug|Any CPU.Build.0 = Debug|Any CPU
		{0CB1DFAE-C869-4997-AC2A-4AF43BF33D42}.Release|Any CPU.ActiveCfg = Release|Any CPU
		{0CB1DFAE-C869-4997-AC2A-4AF43BF33D42}.Release|Any CPU.Build.0 = Release|Any CPU
	EndGlobalSection
	GlobalSection(SolutionProperties) = preSolution
		HideSolutionNode = FALSE
	EndGlobalSection
	GlobalSection(ExtensibilityGlobals) = postSolution
		SolutionGuid = {10991D05-9760-48E2-B872-C1993101F9E4}
	EndGlobalSection
EndGlobal
